
Microsoft Visual Studio Solution File, Format Version 12.00
# Visual Studio Version 17
VisualStudioVersion = 17.9.34728.123
MinimumVisualStudioVersion = 10.0.40219.1
Project("{8BC9CEB8-8B4A-11D0-8D11-00A0C91BC942}") = "CRA_TeamProject_SSD", "CRA_TeamProject_SSD\CRA_TeamProject_SSD.vcxproj", "{C1BBFC29-DBF4-49AF-A4CC-9333943CAF46}"
EndProject
Project("{8BC9CEB8-8B4A-11D0-8D11-00A0C91BC942}") = "Sample-Test1", "Sample-Test1\Sample-Test1.vcxproj", "{C3C7BFA2-2EBA-4A2D-937C-13279C012C3C}"
EndProject
Global
	GlobalSection(SolutionConfigurationPlatforms) = preSolution
		Debug|x64 = Debug|x64
		Debug|x86 = Debug|x86
		Release|x64 = Release|x64
		Release|x86 = Release|x86
	EndGlobalSection
	GlobalSection(ProjectConfigurationPlatforms) = postSolution
		{C1BBFC29-DBF4-49AF-A4CC-9333943CAF46}.Debug|x64.ActiveCfg = Debug|x64
		{C1BBFC29-DBF4-49AF-A4CC-9333943CAF46}.Debug|x64.Build.0 = Debug|x64
		{C1BBFC29-DBF4-49AF-A4CC-9333943CAF46}.Debug|x86.ActiveCfg = Debug|Win32
		{C1BBFC29-DBF4-49AF-A4CC-9333943CAF46}.Debug|x86.Build.0 = Debug|Win32
		{C1BBFC29-DBF4-49AF-A4CC-9333943CAF46}.Release|x64.ActiveCfg = Release|x64
		{C1BBFC29-DBF4-49AF-A4CC-9333943CAF46}.Release|x64.Build.0 = Release|x64
		{C1BBFC29-DBF4-49AF-A4CC-9333943CAF46}.Release|x86.ActiveCfg = Release|Win32
		{C1BBFC29-DBF4-49AF-A4CC-9333943CAF46}.Release|x86.Build.0 = Release|Win32
		{C3C7BFA2-2EBA-4A2D-937C-13279C012C3C}.Debug|x64.ActiveCfg = Debug|x64
		{C3C7BFA2-2EBA-4A2D-937C-13279C012C3C}.Debug|x64.Build.0 = Debug|x64
		{C3C7BFA2-2EBA-4A2D-937C-13279C012C3C}.Debug|x86.ActiveCfg = Debug|Win32
		{C3C7BFA2-2EBA-4A2D-937C-13279C012C3C}.Debug|x86.Build.0 = Debug|Win32
		{C3C7BFA2-2EBA-4A2D-937C-13279C012C3C}.Release|x64.ActiveCfg = Release|x64
		{C3C7BFA2-2EBA-4A2D-937C-13279C012C3C}.Release|x64.Build.0 = Release|x64
		{C3C7BFA2-2EBA-4A2D-937C-13279C012C3C}.Release|x86.ActiveCfg = Release|Win32
		{C3C7BFA2-2EBA-4A2D-937C-13279C012C3C}.Release|x86.Build.0 = Release|Win32
	EndGlobalSection
	GlobalSection(SolutionProperties) = preSolution
		HideSolutionNode = FALSE
	EndGlobalSection
	GlobalSection(ExtensibilityGlobals) = postSolution
		SolutionGuid = {2CD0EB6A-315A-46A7-AF9C-203A1611D66B}
	EndGlobalSection
EndGlobal
